
Microsoft Visual Studio Solution File, Format Version 12.00
# Visual Studio 15
VisualStudioVersion = 15.0.28307.572
MinimumVisualStudioVersion = 10.0.40219.1
Project("{FAE04EC0-301F-11D3-BF4B-00C04F79EFBC}") = "ConsumApi.Android", "ConsumApi\ConsumApi.Android\ConsumApi.Android.csproj", "{F785C817-71DB-4883-955D-EE5045A5DCE6}"
EndProject
Project("{FAE04EC0-301F-11D3-BF4B-00C04F79EFBC}") = "ConsumApi.iOS", "ConsumApi\ConsumApi.iOS\ConsumApi.iOS.csproj", "{FF06352F-C0FE-4051-8841-6E6608AE83B7}"
EndProject
Project("{FAE04EC0-301F-11D3-BF4B-00C04F79EFBC}") = "ConsumApi.UWP", "ConsumApi\ConsumApi.UWP\ConsumApi.UWP.csproj", "{AB3656C7-8BD8-4223-BC4B-22D760BF405A}"
EndProject
Project("{FAE04EC0-301F-11D3-BF4B-00C04F79EFBC}") = "ConsumApi", "ConsumApi\ConsumApi\ConsumApi.csproj", "{C61CDD78-0BE7-4CAD-ACCD-F2402738D813}"
EndProject
Global
	GlobalSection(SolutionConfigurationPlatforms) = preSolution
		Ad-Hoc|Any CPU = Ad-Hoc|Any CPU
		Ad-Hoc|ARM = Ad-Hoc|ARM
		Ad-Hoc|iPhone = Ad-Hoc|iPhone
		Ad-Hoc|iPhoneSimulator = Ad-Hoc|iPhoneSimulator
		Ad-Hoc|x64 = Ad-Hoc|x64
		Ad-Hoc|x86 = Ad-Hoc|x86
		AppStore|Any CPU = AppStore|Any CPU
		AppStore|ARM = AppStore|ARM
		AppStore|iPhone = AppStore|iPhone
		AppStore|iPhoneSimulator = AppStore|iPhoneSimulator
		AppStore|x64 = AppStore|x64
		AppStore|x86 = AppStore|x86
		Debug|Any CPU = Debug|Any CPU
		Debug|ARM = Debug|ARM
		Debug|iPhone = Debug|iPhone
		Debug|iPhoneSimulator = Debug|iPhoneSimulator
		Debug|x64 = Debug|x64
		Debug|x86 = Debug|x86
		Release|Any CPU = Release|Any CPU
		Release|ARM = Release|ARM
		Release|iPhone = Release|iPhone
		Release|iPhoneSimulator = Release|iPhoneSimulator
		Release|x64 = Release|x64
		Release|x86 = Release|x86
	EndGlobalSection
	GlobalSection(ProjectConfigurationPlatforms) = postSolution
		{F785C817-71DB-4883-955D-EE5045A5DCE6}.Ad-Hoc|Any CPU.ActiveCfg = Release|Any CPU
		{F785C817-71DB-4883-955D-EE5045A5DCE6}.Ad-Hoc|Any CPU.Build.0 = Release|Any CPU
		{F785C817-71DB-4883-955D-EE5045A5DCE6}.Ad-Hoc|Any CPU.Deploy.0 = Release|Any CPU
		{F785C817-71DB-4883-955D-EE5045A5DCE6}.Ad-Hoc|ARM.ActiveCfg = Release|Any CPU
		{F785C817-71DB-4883-955D-EE5045A5DCE6}.Ad-Hoc|ARM.Build.0 = Release|Any CPU
		{F785C817-71DB-4883-955D-EE5045A5DCE6}.Ad-Hoc|ARM.Deploy.0 = Release|Any CPU
		{F785C817-71DB-4883-955D-EE5045A5DCE6}.Ad-Hoc|iPhone.ActiveCfg = Release|Any CPU
		{F785C817-71DB-4883-955D-EE5045A5DCE6}.Ad-Hoc|iPhone.Build.0 = Release|Any CPU
		{F785C817-71DB-4883-955D-EE5045A5DCE6}.Ad-Hoc|iPhone.Deploy.0 = Release|Any CPU
		{F785C817-71DB-4883-955D-EE5045A5DCE6}.Ad-Hoc|iPhoneSimulator.ActiveCfg = Release|Any CPU
		{F785C817-71DB-4883-955D-EE5045A5DCE6}.Ad-Hoc|iPhoneSimulator.Build.0 = Release|Any CPU
		{F785C817-71DB-4883-955D-EE5045A5DCE6}.Ad-Hoc|iPhoneSimulator.Deploy.0 = Release|Any CPU
		{F785C817-71DB-4883-955D-EE5045A5DCE6}.Ad-Hoc|x64.ActiveCfg = Release|Any CPU
		{F785C817-71DB-4883-955D-EE5045A5DCE6}.Ad-Hoc|x64.Build.0 = Release|Any CPU
		{F785C817-71DB-4883-955D-EE5045A5DCE6}.Ad-Hoc|x64.Deploy.0 = Release|Any CPU
		{F785C817-71DB-4883-955D-EE5045A5DCE6}.Ad-Hoc|x86.ActiveCfg = Release|Any CPU
		{F785C817-71DB-4883-955D-EE5045A5DCE6}.Ad-Hoc|x86.Build.0 = Release|Any CPU
		{F785C817-71DB-4883-955D-EE5045A5DCE6}.Ad-Hoc|x86.Deploy.0 = Release|Any CPU
		{F785C817-71DB-4883-955D-EE5045A5DCE6}.AppStore|Any CPU.ActiveCfg = Release|Any CPU
		{F785C817-71DB-4883-955D-EE5045A5DCE6}.AppStore|Any CPU.Build.0 = Release|Any CPU
		{F785C817-71DB-4883-955D-EE5045A5DCE6}.AppStore|Any CPU.Deploy.0 = Release|Any CPU
		{F785C817-71DB-4883-955D-EE5045A5DCE6}.AppStore|ARM.ActiveCfg = Release|Any CPU
		{F785C817-71DB-4883-955D-EE5045A5DCE6}.AppStore|ARM.Build.0 = Release|Any CPU
		{F785C817-71DB-4883-955D-EE5045A5DCE6}.AppStore|ARM.Deploy.0 = Release|Any CPU
		{F785C817-71DB-4883-955D-EE5045A5DCE6}.AppStore|iPhone.ActiveCfg = Release|Any CPU
		{F785C817-71DB-4883-955D-EE5045A5DCE6}.AppStore|iPhone.Build.0 = Release|Any CPU
		{F785C817-71DB-4883-955D-EE5045A5DCE6}.AppStore|iPhone.Deploy.0 = Release|Any CPU
		{F785C817-71DB-4883-955D-EE5045A5DCE6}.AppStore|iPhoneSimulator.ActiveCfg = Release|Any CPU
		{F785C817-71DB-4883-955D-EE5045A5DCE6}.AppStore|iPhoneSimulator.Build.0 = Release|Any CPU
		{F785C817-71DB-4883-955D-EE5045A5DCE6}.AppStore|iPhoneSimulator.Deploy.0 = Release|Any CPU
		{F785C817-71DB-4883-955D-EE5045A5DCE6}.AppStore|x64.ActiveCfg = Release|Any CPU
		{F785C817-71DB-4883-955D-EE5045A5DCE6}.AppStore|x64.Build.0 = Release|Any CPU
		{F785C817-71DB-4883-955D-EE5045A5DCE6}.AppStore|x64.Deploy.0 = Release|Any CPU
		{F785C817-71DB-4883-955D-EE5045A5DCE6}.AppStore|x86.ActiveCfg = Release|Any CPU
		{F785C817-71DB-4883-955D-EE5045A5DCE6}.AppStore|x86.Build.0 = Release|Any CPU
		{F785C817-71DB-4883-955D-EE5045A5DCE6}.AppStore|x86.Deploy.0 = Release|Any CPU
		{F785C817-71DB-4883-955D-EE5045A5DCE6}.Debug|Any CPU.ActiveCfg = Debug|Any CPU
		{F785C817-71DB-4883-955D-EE5045A5DCE6}.Debug|Any CPU.Build.0 = Debug|Any CPU
		{F785C817-71DB-4883-955D-EE5045A5DCE6}.Debug|Any CPU.Deploy.0 = Debug|Any CPU
		{F785C817-71DB-4883-955D-EE5045A5DCE6}.Debug|ARM.ActiveCfg = Debug|Any CPU
		{F785C817-71DB-4883-955D-EE5045A5DCE6}.Debug|ARM.Build.0 = Debug|Any CPU
		{F785C817-71DB-4883-955D-EE5045A5DCE6}.Debug|ARM.Deploy.0 = Debug|Any CPU
		{F785C817-71DB-4883-955D-EE5045A5DCE6}.Debug|iPhone.ActiveCfg = Debug|Any CPU
		{F785C817-71DB-4883-955D-EE5045A5DCE6}.Debug|iPhone.Build.0 = Debug|Any CPU
		{F785C817-71DB-4883-955D-EE5045A5DCE6}.Debug|iPhone.Deploy.0 = Debug|Any CPU
		{F785C817-71DB-4883-955D-EE5045A5DCE6}.Debug|iPhoneSimulator.ActiveCfg = Debug|Any CPU
		{F785C817-71DB-4883-955D-EE5045A5DCE6}.Debug|iPhoneSimulator.Build.0 = Debug|Any CPU
		{F785C817-71DB-4883-955D-EE5045A5DCE6}.Debug|iPhoneSimulator.Deploy.0 = Debug|Any CPU
		{F785C817-71DB-4883-955D-EE5045A5DCE6}.Debug|x64.ActiveCfg = Debug|Any CPU
		{F785C817-71DB-4883-955D-EE5045A5DCE6}.Debug|x64.Build.0 = Debug|Any CPU
		{F785C817-71DB-4883-955D-EE5045A5DCE6}.Debug|x64.Deploy.0 = Debug|Any CPU
		{F785C817-71DB-4883-955D-EE5045A5DCE6}.Debug|x86.ActiveCfg = Debug|Any CPU
		{F785C817-71DB-4883-955D-EE5045A5DCE6}.Debug|x86.Build.0 = Debug|Any CPU
		{F785C817-71DB-4883-955D-EE5045A5DCE6}.Debug|x86.Deploy.0 = Debug|Any CPU
		{F785C817-71DB-4883-955D-EE5045A5DCE6}.Release|Any CPU.ActiveCfg = Release|Any CPU
		{F785C817-71DB-4883-955D-EE5045A5DCE6}.Release|Any CPU.Build.0 = Release|Any CPU
		{F785C817-71DB-4883-955D-EE5045A5DCE6}.Release|Any CPU.Deploy.0 = Release|Any CPU
		{F785C817-71DB-4883-955D-EE5045A5DCE6}.Release|ARM.ActiveCfg = Release|Any CPU
		{F785C817-71DB-4883-955D-EE5045A5DCE6}.Release|ARM.Build.0 = Release|Any CPU
		{F785C817-71DB-4883-955D-EE5045A5DCE6}.Release|ARM.Deploy.0 = Release|Any CPU
		{F785C817-71DB-4883-955D-EE5045A5DCE6}.Release|iPhone.ActiveCfg = Release|Any CPU
		{F785C817-71DB-4883-955D-EE5045A5DCE6}.Release|iPhone.Build.0 = Release|Any CPU
		{F785C817-71DB-4883-955D-EE5045A5DCE6}.Release|iPhone.Deploy.0 = Release|Any CPU
		{F785C817-71DB-4883-955D-EE5045A5DCE6}.Release|iPhoneSimulator.ActiveCfg = Release|Any CPU
		{F785C817-71DB-4883-955D-EE5045A5DCE6}.Release|iPhoneSimulator.Build.0 = Release|Any CPU
		{F785C817-71DB-4883-955D-EE5045A5DCE6}.Release|iPhoneSimulator.Deploy.0 = Release|Any CPU
		{F785C817-71DB-4883-955D-EE5045A5DCE6}.Release|x64.ActiveCfg = Release|Any CPU
		{F785C817-71DB-4883-955D-EE5045A5DCE6}.Release|x64.Build.0 = Release|Any CPU
		{F785C817-71DB-4883-955D-EE5045A5DCE6}.Release|x64.Deploy.0 = Release|Any CPU
		{F785C817-71DB-4883-955D-EE5045A5DCE6}.Release|x86.ActiveCfg = Release|Any CPU
		{F785C817-71DB-4883-955D-EE5045A5DCE6}.Release|x86.Build.0 = Release|Any CPU
		{F785C817-71DB-4883-955D-EE5045A5DCE6}.Release|x86.Deploy.0 = Release|Any CPU
		{FF06352F-C0FE-4051-8841-6E6608AE83B7}.Ad-Hoc|Any CPU.ActiveCfg = Ad-Hoc|iPhone
		{FF06352F-C0FE-4051-8841-6E6608AE83B7}.Ad-Hoc|Any CPU.Build.0 = Ad-Hoc|iPhone
		{FF06352F-C0FE-4051-8841-6E6608AE83B7}.Ad-Hoc|Any CPU.Deploy.0 = Ad-Hoc|iPhone
		{FF06352F-C0FE-4051-8841-6E6608AE83B7}.Ad-Hoc|ARM.ActiveCfg = Ad-Hoc|iPhone
		{FF06352F-C0FE-4051-8841-6E6608AE83B7}.Ad-Hoc|ARM.Build.0 = Ad-Hoc|iPhone
		{FF06352F-C0FE-4051-8841-6E6608AE83B7}.Ad-Hoc|ARM.Deploy.0 = Ad-Hoc|iPhone
		{FF06352F-C0FE-4051-8841-6E6608AE83B7}.Ad-Hoc|iPhone.ActiveCfg = Ad-Hoc|iPhone
		{FF06352F-C0FE-4051-8841-6E6608AE83B7}.Ad-Hoc|iPhone.Build.0 = Ad-Hoc|iPhone
		{FF06352F-C0FE-4051-8841-6E6608AE83B7}.Ad-Hoc|iPhone.Deploy.0 = Ad-Hoc|iPhone
		{FF06352F-C0FE-4051-8841-6E6608AE83B7}.Ad-Hoc|iPhoneSimulator.ActiveCfg = Ad-Hoc|iPhoneSimulator
		{FF06352F-C0FE-4051-8841-6E6608AE83B7}.Ad-Hoc|iPhoneSimulator.Build.0 = Ad-Hoc|iPhoneSimulator
		{FF06352F-C0FE-4051-8841-6E6608AE83B7}.Ad-Hoc|iPhoneSimulator.Deploy.0 = Ad-Hoc|iPhoneSimulator
		{FF06352F-C0FE-4051-8841-6E6608AE83B7}.Ad-Hoc|x64.ActiveCfg = Ad-Hoc|iPhone
		{FF06352F-C0FE-4051-8841-6E6608AE83B7}.Ad-Hoc|x64.Build.0 = Ad-Hoc|iPhone
		{FF06352F-C0FE-4051-8841-6E6608AE83B7}.Ad-Hoc|x64.Deploy.0 = Ad-Hoc|iPhone
		{FF06352F-C0FE-4051-8841-6E6608AE83B7}.Ad-Hoc|x86.ActiveCfg = Ad-Hoc|iPhone
		{FF06352F-C0FE-4051-8841-6E6608AE83B7}.Ad-Hoc|x86.Build.0 = Ad-Hoc|iPhone
		{FF06352F-C0FE-4051-8841-6E6608AE83B7}.Ad-Hoc|x86.Deploy.0 = Ad-Hoc|iPhone
		{FF06352F-C0FE-4051-8841-6E6608AE83B7}.AppStore|Any CPU.ActiveCfg = AppStore|iPhone
		{FF06352F-C0FE-4051-8841-6E6608AE83B7}.AppStore|Any CPU.Build.0 = AppStore|iPhone
		{FF06352F-C0FE-4051-8841-6E6608AE83B7}.AppStore|Any CPU.Deploy.0 = AppStore|iPhone
		{FF06352F-C0FE-4051-8841-6E6608AE83B7}.AppStore|ARM.ActiveCfg = AppStore|iPhone
		{FF06352F-C0FE-4051-8841-6E6608AE83B7}.AppStore|ARM.Build.0 = AppStore|iPhone
		{FF06352F-C0FE-4051-8841-6E6608AE83B7}.AppStore|ARM.Deploy.0 = AppStore|iPhone
		{FF06352F-C0FE-4051-8841-6E6608AE83B7}.AppStore|iPhone.ActiveCfg = AppStore|iPhone
		{FF06352F-C0FE-4051-8841-6E6608AE83B7}.AppStore|iPhone.Build.0 = AppStore|iPhone
		{FF06352F-C0FE-4051-8841-6E6608AE83B7}.AppStore|iPhone.Deploy.0 = AppStore|iPhone
		{FF06352F-C0FE-4051-8841-6E6608AE83B7}.AppStore|iPhoneSimulator.ActiveCfg = AppStore|iPhoneSimulator
		{FF06352F-C0FE-4051-8841-6E6608AE83B7}.AppStore|iPhoneSimulator.Build.0 = AppStore|iPhoneSimulator
		{FF06352F-C0FE-4051-8841-6E6608AE83B7}.AppStore|iPhoneSimulator.Deploy.0 = AppStore|iPhoneSimulator
		{FF06352F-C0FE-4051-8841-6E6608AE83B7}.AppStore|x64.ActiveCfg = AppStore|iPhone
		{FF06352F-C0FE-4051-8841-6E6608AE83B7}.AppStore|x64.Build.0 = AppStore|iPhone
		{FF06352F-C0FE-4051-8841-6E6608AE83B7}.AppStore|x64.Deploy.0 = AppStore|iPhone
		{FF06352F-C0FE-4051-8841-6E6608AE83B7}.AppStore|x86.ActiveCfg = AppStore|iPhone
		{FF06352F-C0FE-4051-8841-6E6608AE83B7}.AppStore|x86.Build.0 = AppStore|iPhone
		{FF06352F-C0FE-4051-8841-6E6608AE83B7}.AppStore|x86.Deploy.0 = AppStore|iPhone
		{FF06352F-C0FE-4051-8841-6E6608AE83B7}.Debug|Any CPU.ActiveCfg = Debug|iPhoneSimulator
		{FF06352F-C0FE-4051-8841-6E6608AE83B7}.Debug|Any CPU.Build.0 = Debug|iPhoneSimulator
		{FF06352F-C0FE-4051-8841-6E6608AE83B7}.Debug|Any CPU.Deploy.0 = Debug|iPhoneSimulator
		{FF06352F-C0FE-4051-8841-6E6608AE83B7}.Debug|ARM.ActiveCfg = Debug|iPhone
		{FF06352F-C0FE-4051-8841-6E6608AE83B7}.Debug|ARM.Build.0 = Debug|iPhone
		{FF06352F-C0FE-4051-8841-6E6608AE83B7}.Debug|ARM.Deploy.0 = Debug|iPhone
		{FF06352F-C0FE-4051-8841-6E6608AE83B7}.Debug|iPhone.ActiveCfg = Debug|iPhone
		{FF06352F-C0FE-4051-8841-6E6608AE83B7}.Debug|iPhone.Build.0 = Debug|iPhone
		{FF06352F-C0FE-4051-8841-6E6608AE83B7}.Debug|iPhone.Deploy.0 = Debug|iPhone
		{FF06352F-C0FE-4051-8841-6E6608AE83B7}.Debug|iPhoneSimulator.ActiveCfg = Debug|iPhoneSimulator
		{FF06352F-C0FE-4051-8841-6E6608AE83B7}.Debug|iPhoneSimulator.Build.0 = Debug|iPhoneSimulator
		{FF06352F-C0FE-4051-8841-6E6608AE83B7}.Debug|iPhoneSimulator.Deploy.0 = Debug|iPhoneSimulator
		{FF06352F-C0FE-4051-8841-6E6608AE83B7}.Debug|x64.ActiveCfg = Debug|iPhone
		{FF06352F-C0FE-4051-8841-6E6608AE83B7}.Debug|x64.Build.0 = Debug|iPhone
		{FF06352F-C0FE-4051-8841-6E6608AE83B7}.Debug|x64.Deploy.0 = Debug|iPhone
		{FF06352F-C0FE-4051-8841-6E6608AE83B7}.Debug|x86.ActiveCfg = Debug|iPhone
		{FF06352F-C0FE-4051-8841-6E6608AE83B7}.Debug|x86.Build.0 = Debug|iPhone
		{FF06352F-C0FE-4051-8841-6E6608AE83B7}.Debug|x86.Deploy.0 = Debug|iPhone
		{FF06352F-C0FE-4051-8841-6E6608AE83B7}.Release|Any CPU.ActiveCfg = Release|iPhone
		{FF06352F-C0FE-4051-8841-6E6608AE83B7}.Release|Any CPU.Build.0 = Release|iPhone
		{FF06352F-C0FE-4051-8841-6E6608AE83B7}.Release|Any CPU.Deploy.0 = Release|iPhone
		{FF06352F-C0FE-4051-8841-6E6608AE83B7}.Release|ARM.ActiveCfg = Release|iPhone
		{FF06352F-C0FE-4051-8841-6E6608AE83B7}.Release|ARM.Build.0 = Release|iPhone
		{FF06352F-C0FE-4051-8841-6E6608AE83B7}.Release|ARM.Deploy.0 = Release|iPhone
		{FF06352F-C0FE-4051-8841-6E6608AE83B7}.Release|iPhone.ActiveCfg = Release|iPhone
		{FF06352F-C0FE-4051-8841-6E6608AE83B7}.Release|iPhone.Build.0 = Release|iPhone
		{FF06352F-C0FE-4051-8841-6E6608AE83B7}.Release|iPhone.Deploy.0 = Release|iPhone
		{FF06352F-C0FE-4051-8841-6E6608AE83B7}.Release|iPhoneSimulator.ActiveCfg = Release|iPhoneSimulator
		{FF06352F-C0FE-4051-8841-6E6608AE83B7}.Release|iPhoneSimulator.Build.0 = Release|iPhoneSimulator
		{FF06352F-C0FE-4051-8841-6E6608AE83B7}.Release|iPhoneSimulator.Deploy.0 = Release|iPhoneSimulator
		{FF06352F-C0FE-4051-8841-6E6608AE83B7}.Release|x64.ActiveCfg = Release|iPhone
		{FF06352F-C0FE-4051-8841-6E6608AE83B7}.Release|x64.Build.0 = Release|iPhone
		{FF06352F-C0FE-4051-8841-6E6608AE83B7}.Release|x64.Deploy.0 = Release|iPhone
		{FF06352F-C0FE-4051-8841-6E6608AE83B7}.Release|x86.ActiveCfg = Release|iPhone
		{FF06352F-C0FE-4051-8841-6E6608AE83B7}.Release|x86.Build.0 = Release|iPhone
		{FF06352F-C0FE-4051-8841-6E6608AE83B7}.Release|x86.Deploy.0 = Release|iPhone
		{AB3656C7-8BD8-4223-BC4B-22D760BF405A}.Ad-Hoc|Any CPU.ActiveCfg = Release|x86
		{AB3656C7-8BD8-4223-BC4B-22D760BF405A}.Ad-Hoc|Any CPU.Build.0 = Release|x86
		{AB3656C7-8BD8-4223-BC4B-22D760BF405A}.Ad-Hoc|Any CPU.Deploy.0 = Release|x86
		{AB3656C7-8BD8-4223-BC4B-22D760BF405A}.Ad-Hoc|ARM.ActiveCfg = Release|ARM
		{AB3656C7-8BD8-4223-BC4B-22D760BF405A}.Ad-Hoc|ARM.Build.0 = Release|ARM
		{AB3656C7-8BD8-4223-BC4B-22D760BF405A}.Ad-Hoc|ARM.Deploy.0 = Release|ARM
		{AB3656C7-8BD8-4223-BC4B-22D760BF405A}.Ad-Hoc|iPhone.ActiveCfg = Release|x86
		{AB3656C7-8BD8-4223-BC4B-22D760BF405A}.Ad-Hoc|iPhone.Build.0 = Release|x86
		{AB3656C7-8BD8-4223-BC4B-22D760BF405A}.Ad-Hoc|iPhone.Deploy.0 = Release|x86
		{AB3656C7-8BD8-4223-BC4B-22D760BF405A}.Ad-Hoc|iPhoneSimulator.ActiveCfg = Release|x86
		{AB3656C7-8BD8-4223-BC4B-22D760BF405A}.Ad-Hoc|iPhoneSimulator.Build.0 = Release|x86
		{AB3656C7-8BD8-4223-BC4B-22D760BF405A}.Ad-Hoc|iPhoneSimulator.Deploy.0 = Release|x86
		{AB3656C7-8BD8-4223-BC4B-22D760BF405A}.Ad-Hoc|x64.ActiveCfg = Release|x64
		{AB3656C7-8BD8-4223-BC4B-22D760BF405A}.Ad-Hoc|x64.Build.0 = Release|x64
		{AB3656C7-8BD8-4223-BC4B-22D760BF405A}.Ad-Hoc|x64.Deploy.0 = Release|x64
		{AB3656C7-8BD8-4223-BC4B-22D760BF405A}.Ad-Hoc|x86.ActiveCfg = Release|x86
		{AB3656C7-8BD8-4223-BC4B-22D760BF405A}.Ad-Hoc|x86.Build.0 = Release|x86
		{AB3656C7-8BD8-4223-BC4B-22D760BF405A}.Ad-Hoc|x86.Deploy.0 = Release|x86
		{AB3656C7-8BD8-4223-BC4B-22D760BF405A}.AppStore|Any CPU.ActiveCfg = Release|x86
		{AB3656C7-8BD8-4223-BC4B-22D760BF405A}.AppStore|Any CPU.Build.0 = Release|x86
		{AB3656C7-8BD8-4223-BC4B-22D760BF405A}.AppStore|Any CPU.Deploy.0 = Release|x86
		{AB3656C7-8BD8-4223-BC4B-22D760BF405A}.AppStore|ARM.ActiveCfg = Release|ARM
		{AB3656C7-8BD8-4223-BC4B-22D760BF405A}.AppStore|ARM.Build.0 = Release|ARM
		{AB3656C7-8BD8-4223-BC4B-22D760BF405A}.AppStore|ARM.Deploy.0 = Release|ARM
		{AB3656C7-8BD8-4223-BC4B-22D760BF405A}.AppStore|iPhone.ActiveCfg = Release|x86
		{AB3656C7-8BD8-4223-BC4B-22D760BF405A}.AppStore|iPhone.Build.0 = Release|x86
		{AB3656C7-8BD8-4223-BC4B-22D760BF405A}.AppStore|iPhone.Deploy.0 = Release|x86
		{AB3656C7-8BD8-4223-BC4B-22D760BF405A}.AppStore|iPhoneSimulator.ActiveCfg = Release|x86
		{AB3656C7-8BD8-4223-BC4B-22D760BF405A}.AppStore|iPhoneSimulator.Build.0 = Release|x86
		{AB3656C7-8BD8-4223-BC4B-22D760BF405A}.AppStore|iPhoneSimulator.Deploy.0 = Release|x86
		{AB3656C7-8BD8-4223-BC4B-22D760BF405A}.AppStore|x64.ActiveCfg = Release|x64
		{AB3656C7-8BD8-4223-BC4B-22D760BF405A}.AppStore|x64.Build.0 = Release|x64
		{AB3656C7-8BD8-4223-BC4B-22D760BF405A}.AppStore|x64.Deploy.0 = Release|x64
		{AB3656C7-8BD8-4223-BC4B-22D760BF405A}.AppStore|x86.ActiveCfg = Release|x86
		{AB3656C7-8BD8-4223-BC4B-22D760BF405A}.AppStore|x86.Build.0 = Release|x86
		{AB3656C7-8BD8-4223-BC4B-22D760BF405A}.AppStore|x86.Deploy.0 = Release|x86
		{AB3656C7-8BD8-4223-BC4B-22D760BF405A}.Debug|Any CPU.ActiveCfg = Debug|x86
		{AB3656C7-8BD8-4223-BC4B-22D760BF405A}.Debug|Any CPU.Build.0 = Debug|x86
		{AB3656C7-8BD8-4223-BC4B-22D760BF405A}.Debug|Any CPU.Deploy.0 = Debug|x86
		{AB3656C7-8BD8-4223-BC4B-22D760BF405A}.Debug|ARM.ActiveCfg = Debug|ARM
		{AB3656C7-8BD8-4223-BC4B-22D760BF405A}.Debug|ARM.Build.0 = Debug|ARM
		{AB3656C7-8BD8-4223-BC4B-22D760BF405A}.Debug|ARM.Deploy.0 = Debug|ARM
		{AB3656C7-8BD8-4223-BC4B-22D760BF405A}.Debug|iPhone.ActiveCfg = Debug|x86
		{AB3656C7-8BD8-4223-BC4B-22D760BF405A}.Debug|iPhone.Build.0 = Debug|x86
		{AB3656C7-8BD8-4223-BC4B-22D760BF405A}.Debug|iPhone.Deploy.0 = Debug|x86
		{AB3656C7-8BD8-4223-BC4B-22D760BF405A}.Debug|iPhoneSimulator.ActiveCfg = Debug|x86
		{AB3656C7-8BD8-4223-BC4B-22D760BF405A}.Debug|iPhoneSimulator.Build.0 = Debug|x86
		{AB3656C7-8BD8-4223-BC4B-22D760BF405A}.Debug|iPhoneSimulator.Deploy.0 = Debug|x86
		{AB3656C7-8BD8-4223-BC4B-22D760BF405A}.Debug|x64.ActiveCfg = Debug|x64
		{AB3656C7-8BD8-4223-BC4B-22D760BF405A}.Debug|x64.Build.0 = Debug|x64
		{AB3656C7-8BD8-4223-BC4B-22D760BF405A}.Debug|x64.Deploy.0 = Debug|x64
		{AB3656C7-8BD8-4223-BC4B-22D760BF405A}.Debug|x86.ActiveCfg = Debug|x86
		{AB3656C7-8BD8-4223-BC4B-22D760BF405A}.Debug|x86.Build.0 = Debug|x86
		{AB3656C7-8BD8-4223-BC4B-22D760BF405A}.Debug|x86.Deploy.0 = Debug|x86
		{AB3656C7-8BD8-4223-BC4B-22D760BF405A}.Release|Any CPU.ActiveCfg = Release|x86
		{AB3656C7-8BD8-4223-BC4B-22D760BF405A}.Release|Any CPU.Build.0 = Release|x86
		{AB3656C7-8BD8-4223-BC4B-22D760BF405A}.Release|Any CPU.Deploy.0 = Release|x86
		{AB3656C7-8BD8-4223-BC4B-22D760BF405A}.Release|ARM.ActiveCfg = Release|ARM
		{AB3656C7-8BD8-4223-BC4B-22D760BF405A}.Release|ARM.Build.0 = Release|ARM
		{AB3656C7-8BD8-4223-BC4B-22D760BF405A}.Release|ARM.Deploy.0 = Release|ARM
		{AB3656C7-8BD8-4223-BC4B-22D760BF405A}.Release|iPhone.ActiveCfg = Release|x86
		{AB3656C7-8BD8-4223-BC4B-22D760BF405A}.Release|iPhone.Build.0 = Release|x86
		{AB3656C7-8BD8-4223-BC4B-22D760BF405A}.Release|iPhone.Deploy.0 = Release|x86
		{AB3656C7-8BD8-4223-BC4B-22D760BF405A}.Release|iPhoneSimulator.ActiveCfg = Release|x86
		{AB3656C7-8BD8-4223-BC4B-22D760BF405A}.Release|iPhoneSimulator.Build.0 = Release|x86
		{AB3656C7-8BD8-4223-BC4B-22D760BF405A}.Release|iPhoneSimulator.Deploy.0 = Release|x86
		{AB3656C7-8BD8-4223-BC4B-22D760BF405A}.Release|x64.ActiveCfg = Release|x64
		{AB3656C7-8BD8-4223-BC4B-22D760BF405A}.Release|x64.Build.0 = Release|x64
		{AB3656C7-8BD8-4223-BC4B-22D760BF405A}.Release|x64.Deploy.0 = Release|x64
		{AB3656C7-8BD8-4223-BC4B-22D760BF405A}.Release|x86.ActiveCfg = Release|x86
		{AB3656C7-8BD8-4223-BC4B-22D760BF405A}.Release|x86.Build.0 = Release|x86
		{AB3656C7-8BD8-4223-BC4B-22D760BF405A}.Release|x86.Deploy.0 = Release|x86
		{C61CDD78-0BE7-4CAD-ACCD-F2402738D813}.Ad-Hoc|Any CPU.ActiveCfg = Debug|Any CPU
		{C61CDD78-0BE7-4CAD-ACCD-F2402738D813}.Ad-Hoc|Any CPU.Build.0 = Debug|Any CPU
		{C61CDD78-0BE7-4CAD-ACCD-F2402738D813}.Ad-Hoc|Any CPU.Deploy.0 = Debug|Any CPU
		{C61CDD78-0BE7-4CAD-ACCD-F2402738D813}.Ad-Hoc|ARM.ActiveCfg = Debug|Any CPU
		{C61CDD78-0BE7-4CAD-ACCD-F2402738D813}.Ad-Hoc|ARM.Build.0 = Debug|Any CPU
		{C61CDD78-0BE7-4CAD-ACCD-F2402738D813}.Ad-Hoc|ARM.Deploy.0 = Debug|Any CPU
		{C61CDD78-0BE7-4CAD-ACCD-F2402738D813}.Ad-Hoc|iPhone.ActiveCfg = Debug|Any CPU
		{C61CDD78-0BE7-4CAD-ACCD-F2402738D813}.Ad-Hoc|iPhone.Build.0 = Debug|Any CPU
		{C61CDD78-0BE7-4CAD-ACCD-F2402738D813}.Ad-Hoc|iPhone.Deploy.0 = Debug|Any CPU
		{C61CDD78-0BE7-4CAD-ACCD-F2402738D813}.Ad-Hoc|iPhoneSimulator.ActiveCfg = Debug|Any CPU
		{C61CDD78-0BE7-4CAD-ACCD-F2402738D813}.Ad-Hoc|iPhoneSimulator.Build.0 = Debug|Any CPU
		{C61CDD78-0BE7-4CAD-ACCD-F2402738D813}.Ad-Hoc|iPhoneSimulator.Deploy.0 = Debug|Any CPU
		{C61CDD78-0BE7-4CAD-ACCD-F2402738D813}.Ad-Hoc|x64.ActiveCfg = Debug|Any CPU
		{C61CDD78-0BE7-4CAD-ACCD-F2402738D813}.Ad-Hoc|x64.Build.0 = Debug|Any CPU
		{C61CDD78-0BE7-4CAD-ACCD-F2402738D813}.Ad-Hoc|x64.Deploy.0 = Debug|Any CPU
		{C61CDD78-0BE7-4CAD-ACCD-F2402738D813}.Ad-Hoc|x86.ActiveCfg = Debug|Any CPU
		{C61CDD78-0BE7-4CAD-ACCD-F2402738D813}.Ad-Hoc|x86.Build.0 = Debug|Any CPU
		{C61CDD78-0BE7-4CAD-ACCD-F2402738D813}.Ad-Hoc|x86.Deploy.0 = Debug|Any CPU
		{C61CDD78-0BE7-4CAD-ACCD-F2402738D813}.AppStore|Any CPU.ActiveCfg = Debug|Any CPU
		{C61CDD78-0BE7-4CAD-ACCD-F2402738D813}.AppStore|Any CPU.Build.0 = Debug|Any CPU
		{C61CDD78-0BE7-4CAD-ACCD-F2402738D813}.AppStore|Any CPU.Deploy.0 = Debug|Any CPU
		{C61CDD78-0BE7-4CAD-ACCD-F2402738D813}.AppStore|ARM.ActiveCfg = Debug|Any CPU
		{C61CDD78-0BE7-4CAD-ACCD-F2402738D813}.AppStore|ARM.Build.0 = Debug|Any CPU
		{C61CDD78-0BE7-4CAD-ACCD-F2402738D813}.AppStore|ARM.Deploy.0 = Debug|Any CPU
		{C61CDD78-0BE7-4CAD-ACCD-F2402738D813}.AppStore|iPhone.ActiveCfg = Debug|Any CPU
		{C61CDD78-0BE7-4CAD-ACCD-F2402738D813}.AppStore|iPhone.Build.0 = Debug|Any CPU
		{C61CDD78-0BE7-4CAD-ACCD-F2402738D813}.AppStore|iPhone.Deploy.0 = Debug|Any CPU
		{C61CDD78-0BE7-4CAD-ACCD-F2402738D813}.AppStore|iPhoneSimulator.ActiveCfg = Debug|Any CPU
		{C61CDD78-0BE7-4CAD-ACCD-F2402738D813}.AppStore|iPhoneSimulator.Build.0 = Debug|Any CPU
		{C61CDD78-0BE7-4CAD-ACCD-F2402738D813}.AppStore|iPhoneSimulator.Deploy.0 = Debug|Any CPU
		{C61CDD78-0BE7-4CAD-ACCD-F2402738D813}.AppStore|x64.ActiveCfg = Debug|Any CPU
		{C61CDD78-0BE7-4CAD-ACCD-F2402738D813}.AppStore|x64.Build.0 = Debug|Any CPU
		{C61CDD78-0BE7-4CAD-ACCD-F2402738D813}.AppStore|x64.Deploy.0 = Debug|Any CPU
		{C61CDD78-0BE7-4CAD-ACCD-F2402738D813}.AppStore|x86.ActiveCfg = Debug|Any CPU
		{C61CDD78-0BE7-4CAD-ACCD-F2402738D813}.AppStore|x86.Build.0 = Debug|Any CPU
		{C61CDD78-0BE7-4CAD-ACCD-F2402738D813}.AppStore|x86.Deploy.0 = Debug|Any CPU
		{C61CDD78-0BE7-4CAD-ACCD-F2402738D813}.Debug|Any CPU.ActiveCfg = Debug|Any CPU
		{C61CDD78-0BE7-4CAD-ACCD-F2402738D813}.Debug|Any CPU.Build.0 = Debug|Any CPU
		{C61CDD78-0BE7-4CAD-ACCD-F2402738D813}.Debug|Any CPU.Deploy.0 = Debug|Any CPU
		{C61CDD78-0BE7-4CAD-ACCD-F2402738D813}.Debug|ARM.ActiveCfg = Debug|Any CPU
		{C61CDD78-0BE7-4CAD-ACCD-F2402738D813}.Debug|ARM.Build.0 = Debug|Any CPU
		{C61CDD78-0BE7-4CAD-ACCD-F2402738D813}.Debug|ARM.Deploy.0 = Debug|Any CPU
		{C61CDD78-0BE7-4CAD-ACCD-F2402738D813}.Debug|iPhone.ActiveCfg = Debug|Any CPU
		{C61CDD78-0BE7-4CAD-ACCD-F2402738D813}.Debug|iPhone.Build.0 = Debug|Any CPU
		{C61CDD78-0BE7-4CAD-ACCD-F2402738D813}.Debug|iPhone.Deploy.0 = Debug|Any CPU
		{C61CDD78-0BE7-4CAD-ACCD-F2402738D813}.Debug|iPhoneSimulator.ActiveCfg = Debug|Any CPU
		{C61CDD78-0BE7-4CAD-ACCD-F2402738D813}.Debug|iPhoneSimulator.Build.0 = Debug|Any CPU
		{C61CDD78-0BE7-4CAD-ACCD-F2402738D813}.Debug|iPhoneSimulator.Deploy.0 = Debug|Any CPU
		{C61CDD78-0BE7-4CAD-ACCD-F2402738D813}.Debug|x64.ActiveCfg = Debug|Any CPU
		{C61CDD78-0BE7-4CAD-ACCD-F2402738D813}.Debug|x64.Build.0 = Debug|Any CPU
		{C61CDD78-0BE7-4CAD-ACCD-F2402738D813}.Debug|x64.Deploy.0 = Debug|Any CPU
		{C61CDD78-0BE7-4CAD-ACCD-F2402738D813}.Debug|x86.ActiveCfg = Debug|Any CPU
		{C61CDD78-0BE7-4CAD-ACCD-F2402738D813}.Debug|x86.Build.0 = Debug|Any CPU
		{C61CDD78-0BE7-4CAD-ACCD-F2402738D813}.Debug|x86.Deploy.0 = Debug|Any CPU
		{C61CDD78-0BE7-4CAD-ACCD-F2402738D813}.Release|Any CPU.ActiveCfg = Release|Any CPU
		{C61CDD78-0BE7-4CAD-ACCD-F2402738D813}.Release|Any CPU.Build.0 = Release|Any CPU
		{C61CDD78-0BE7-4CAD-ACCD-F2402738D813}.Release|Any CPU.Deploy.0 = Release|Any CPU
		{C61CDD78-0BE7-4CAD-ACCD-F2402738D813}.Release|ARM.ActiveCfg = Release|Any CPU
		{C61CDD78-0BE7-4CAD-ACCD-F2402738D813}.Release|ARM.Build.0 = Release|Any CPU
		{C61CDD78-0BE7-4CAD-ACCD-F2402738D813}.Release|ARM.Deploy.0 = Release|Any CPU
		{C61CDD78-0BE7-4CAD-ACCD-F2402738D813}.Release|iPhone.ActiveCfg = Release|Any CPU
		{C61CDD78-0BE7-4CAD-ACCD-F2402738D813}.Release|iPhone.Build.0 = Release|Any CPU
		{C61CDD78-0BE7-4CAD-ACCD-F2402738D813}.Release|iPhone.Deploy.0 = Release|Any CPU
		{C61CDD78-0BE7-4CAD-ACCD-F2402738D813}.Release|iPhoneSimulator.ActiveCfg = Release|Any CPU
		{C61CDD78-0BE7-4CAD-ACCD-F2402738D813}.Release|iPhoneSimulator.Build.0 = Release|Any CPU
		{C61CDD78-0BE7-4CAD-ACCD-F2402738D813}.Release|iPhoneSimulator.Deploy.0 = Release|Any CPU
		{C61CDD78-0BE7-4CAD-ACCD-F2402738D813}.Release|x64.ActiveCfg = Release|Any CPU
		{C61CDD78-0BE7-4CAD-ACCD-F2402738D813}.Release|x64.Build.0 = Release|Any CPU
		{C61CDD78-0BE7-4CAD-ACCD-F2402738D813}.Release|x64.Deploy.0 = Release|Any CPU
		{C61CDD78-0BE7-4CAD-ACCD-F2402738D813}.Release|x86.ActiveCfg = Release|Any CPU
		{C61CDD78-0BE7-4CAD-ACCD-F2402738D813}.Release|x86.Build.0 = Release|Any CPU
		{C61CDD78-0BE7-4CAD-ACCD-F2402738D813}.Release|x86.Deploy.0 = Release|Any CPU
	EndGlobalSection
	GlobalSection(SolutionProperties) = preSolution
		HideSolutionNode = FALSE
	EndGlobalSection
	GlobalSection(ExtensibilityGlobals) = postSolution
		SolutionGuid = {5E69FDD5-F57A-4140-A228-07EB1A07257D}
	EndGlobalSection
EndGlobal
